
Microsoft Visual Studio Solution File, Format Version 12.00
# Visual Studio 15
VisualStudioVersion = 15.0.28307.705
MinimumVisualStudioVersion = 10.0.40219.1
Project("{FAE04EC0-301F-11D3-BF4B-00C04F79EFBC}") = "Api.Enigma", "Api.Enigma\Api.Enigma.csproj", "{015CACA7-C28A-4D6E-943D-0FC1F3E91FC0}"
EndProject
Project("{FAE04EC0-301F-11D3-BF4B-00C04F79EFBC}") = "MissionLib", "MissionLib\MissionLib.csproj", "{64E4F421-DB2A-49EF-B727-01F739D99BF2}"
EndProject
Global
	GlobalSection(SolutionConfigurationPlatforms) = preSolution
		Debug|Any CPU = Debug|Any CPU
		Release|Any CPU = Release|Any CPU
	EndGlobalSection
	GlobalSection(ProjectConfigurationPlatforms) = postSolution
		{015CACA7-C28A-4D6E-943D-0FC1F3E91FC0}.Debug|Any CPU.ActiveCfg = Debug|Any CPU
		{015CACA7-C28A-4D6E-943D-0FC1F3E91FC0}.Debug|Any CPU.Build.0 = Debug|Any CPU
		{015CACA7-C28A-4D6E-943D-0FC1F3E91FC0}.Release|Any CPU.ActiveCfg = Release|Any CPU
		{015CACA7-C28A-4D6E-943D-0FC1F3E91FC0}.Release|Any CPU.Build.0 = Release|Any CPU
		{64E4F421-DB2A-49EF-B727-01F739D99BF2}.Debug|Any CPU.ActiveCfg = Debug|Any CPU
		{64E4F421-DB2A-49EF-B727-01F739D99BF2}.Debug|Any CPU.Build.0 = Debug|Any CPU
		{64E4F421-DB2A-49EF-B727-01F739D99BF2}.Release|Any CPU.ActiveCfg = Release|Any CPU
		{64E4F421-DB2A-49EF-B727-01F739D99BF2}.Release|Any CPU.Build.0 = Release|Any CPU
	EndGlobalSection
	GlobalSection(SolutionProperties) = preSolution
		HideSolutionNode = FALSE
	EndGlobalSection
	GlobalSection(ExtensibilityGlobals) = postSolution
		SolutionGuid = {C876D33F-124A-4178-B6BF-6B3C7EFAA4D7}
	EndGlobalSection
EndGlobal
